{
    "_readme": [
        "This file locks the dependencies of your project to a known state",
        "Read more about it at https://getcomposer.org/doc/01-basic-usage.md#installing-dependencies",
        "This file is @generated automatically"
    ],
    "content-hash": "da795661eea3fe782f9474a049a917cb",
    "packages": [],
    "packages-dev": [
        {
            "name": "bamarni/composer-bin-plugin",
            "version": "1.8.2",
            "source": {
                "type": "git",
                "url": "https://github.com/bamarni/composer-bin-plugin.git",
                "reference": "92fd7b1e6e9cdae19b0d57369d8ad31a37b6a880"
            },
            "dist": {
                "type": "zip",
                "url": "https://api.github.com/repos/bamarni/composer-bin-plugin/zipball/92fd7b1e6e9cdae19b0d57369d8ad31a37b6a880",
                "reference": "92fd7b1e6e9cdae19b0d57369d8ad31a37b6a880",
                "shasum": ""
            },
            "require": {
                "composer-plugin-api": "^2.0",
                "php": "^7.2.5 || ^8.0"
            },
            "require-dev": {
                "composer/composer": "^2.0",
                "ext-json": "*",
                "phpstan/extension-installer": "^1.1",
                "phpstan/phpstan": "^1.8",
                "phpstan/phpstan-phpunit": "^1.1",
                "phpunit/phpunit": "^8.5 || ^9.5",
                "symfony/console": "^2.8.52 || ^3.4.35 || ^4.4 || ^5.0 || ^6.0",
                "symfony/finder": "^2.8.52 || ^3.4.35 || ^4.4 || ^5.0 || ^6.0",
                "symfony/process": "^2.8.52 || ^3.4.35 || ^4.4 || ^5.0 || ^6.0"
            },
            "type": "composer-plugin",
            "extra": {
                "class": "Bamarni\\Composer\\Bin\\BamarniBinPlugin"
            },
            "autoload": {
                "psr-4": {
                    "Bamarni\\Composer\\Bin\\": "src"
                }
            },
            "notification-url": "https://packagist.org/downloads/",
            "license": [
                "MIT"
            ],
            "description": "No conflicts for your bin dependencies",
            "keywords": [
                "composer",
                "conflict",
                "dependency",
                "executable",
                "isolation",
                "tool"
            ],
            "support": {
                "issues": "https://github.com/bamarni/composer-bin-plugin/issues",
                "source": "https://github.com/bamarni/composer-bin-plugin/tree/1.8.2"
            },
            "time": "2022-10-31T08:38:03+00:00"
        },
        {
            "name": "php-stubs/wordpress-stubs",
            "version": "v6.6.0",
            "source": {
                "type": "git",
                "url": "https://github.com/php-stubs/wordpress-stubs.git",
                "reference": "86e8753e89d59849276dcdd91b9a7dd78bb4abe2"
            },
            "dist": {
                "type": "zip",
                "url": "https://api.github.com/repos/php-stubs/wordpress-stubs/zipball/86e8753e89d59849276dcdd91b9a7dd78bb4abe2",
                "reference": "86e8753e89d59849276dcdd91b9a7dd78bb4abe2",
                "shasum": ""
            },
            "require-dev": {
                "dealerdirect/phpcodesniffer-composer-installer": "^1.0",
                "nikic/php-parser": "^4.13",
                "php": "^7.4 || ^8.0",
                "php-stubs/generator": "^0.8.3",
                "phpdocumentor/reflection-docblock": "^5.4.1",
                "phpstan/phpstan": "^1.10.49",
                "phpunit/phpunit": "^9.5",
                "szepeviktor/phpcs-psr-12-neutron-hybrid-ruleset": "^1.0",
                "wp-coding-standards/wpcs": "3.1.0 as 2.3.0"
            },
            "suggest": {
                "paragonie/sodium_compat": "Pure PHP implementation of libsodium",
                "symfony/polyfill-php80": "Symfony polyfill backporting some PHP 8.0+ features to lower PHP versions",
                "szepeviktor/phpstan-wordpress": "WordPress extensions for PHPStan"
            },
            "type": "library",
            "notification-url": "https://packagist.org/downloads/",
            "license": [
                "MIT"
            ],
            "description": "WordPress function and class declaration stubs for static analysis.",
            "homepage": "https://github.com/php-stubs/wordpress-stubs",
            "keywords": [
                "PHPStan",
                "static analysis",
                "wordpress"
            ],
            "support": {
                "issues": "https://github.com/php-stubs/wordpress-stubs/issues",
                "source": "https://github.com/php-stubs/wordpress-stubs/tree/v6.6.0"
            },
            "time": "2024-07-17T08:50:38+00:00"
        },
        {
            "name": "phpstan/extension-installer",
            "version": "1.4.1",
            "source": {
                "type": "git",
                "url": "https://github.com/phpstan/extension-installer.git",
                "reference": "f6b87faf9fc7978eab2f7919a8760bc9f58f9203"
            },
            "dist": {
                "type": "zip",
                "url": "https://api.github.com/repos/phpstan/extension-installer/zipball/f6b87faf9fc7978eab2f7919a8760bc9f58f9203",
                "reference": "f6b87faf9fc7978eab2f7919a8760bc9f58f9203",
                "shasum": ""
            },
            "require": {
                "composer-plugin-api": "^2.0",
                "php": "^7.2 || ^8.0",
                "phpstan/phpstan": "^1.9.0"
            },
            "require-dev": {
                "composer/composer": "^2.0",
                "php-parallel-lint/php-parallel-lint": "^1.2.0",
                "phpstan/phpstan-strict-rules": "^0.11 || ^0.12 || ^1.0"
            },
            "type": "composer-plugin",
            "extra": {
                "class": "PHPStan\\ExtensionInstaller\\Plugin"
            },
            "autoload": {
                "psr-4": {
                    "PHPStan\\ExtensionInstaller\\": "src/"
                }
            },
            "notification-url": "https://packagist.org/downloads/",
            "license": [
                "MIT"
            ],
            "description": "Composer plugin for automatic installation of PHPStan extensions",
            "support": {
                "issues": "https://github.com/phpstan/extension-installer/issues",
                "source": "https://github.com/phpstan/extension-installer/tree/1.4.1"
            },
            "time": "2024-06-10T08:20:49+00:00"
        },
        {
            "name": "phpstan/phpstan",
            "version": "1.11.7",
            "source": {
                "type": "git",
                "url": "https://github.com/phpstan/phpstan.git",
                "reference": "52d2bbfdcae7f895915629e4694e9497d0f8e28d"
            },
            "dist": {
                "type": "zip",
                "url": "https://api.github.com/repos/phpstan/phpstan/zipball/52d2bbfdcae7f895915629e4694e9497d0f8e28d",
                "reference": "52d2bbfdcae7f895915629e4694e9497d0f8e28d",
                "shasum": ""
            },
            "require": {
                "php": "^7.2|^8.0"
            },
            "conflict": {
                "phpstan/phpstan-shim": "*"
            },
            "bin": [
                "phpstan",
                "phpstan.phar"
            ],
            "type": "library",
            "autoload": {
                "files": [
                    "bootstrap.php"
                ]
            },
            "notification-url": "https://packagist.org/downloads/",
            "license": [
                "MIT"
            ],
            "description": "PHPStan - PHP Static Analysis Tool",
            "keywords": [
                "dev",
                "static analysis"
            ],
            "support": {
                "docs": "https://phpstan.org/user-guide/getting-started",
                "forum": "https://github.com/phpstan/phpstan/discussions",
                "issues": "https://github.com/phpstan/phpstan/issues",
                "security": "https://github.com/phpstan/phpstan/security/policy",
                "source": "https://github.com/phpstan/phpstan-src"
            },
            "funding": [
                {
                    "url": "https://github.com/ondrejmirtes",
                    "type": "github"
                },
                {
                    "url": "https://github.com/phpstan",
                    "type": "github"
                }
            ],
            "time": "2024-07-06T11:17:41+00:00"
        },
        {
            "name": "symfony/polyfill-php73",
            "version": "v1.30.0",
            "source": {
                "type": "git",
                "url": "https://github.com/symfony/polyfill-php73.git",
                "reference": "ec444d3f3f6505bb28d11afa41e75faadebc10a1"
            },
            "dist": {
                "type": "zip",
                "url": "https://api.github.com/repos/symfony/polyfill-php73/zipball/ec444d3f3f6505bb28d11afa41e75faadebc10a1",
                "reference": "ec444d3f3f6505bb28d11afa41e75faadebc10a1",
                "shasum": ""
            },
            "require": {
                "php": ">=7.1"
            },
            "type": "library",
            "extra": {
                "thanks": {
                    "name": "symfony/polyfill",
                    "url": "https://github.com/symfony/polyfill"
                }
            },
            "autoload": {
                "files": [
                    "bootstrap.php"
                ],
                "psr-4": {
                    "Symfony\\Polyfill\\Php73\\": ""
                },
                "classmap": [
                    "Resources/stubs"
                ]
            },
            "notification-url": "https://packagist.org/downloads/",
            "license": [
                "MIT"
            ],
            "authors": [
                {
                    "name": "Nicolas Grekas",
                    "email": "p@tchwork.com"
                },
                {
                    "name": "Symfony Community",
                    "homepage": "https://symfony.com/contributors"
                }
            ],
            "description": "Symfony polyfill backporting some PHP 7.3+ features to lower PHP versions",
            "homepage": "https://symfony.com",
            "keywords": [
                "compatibility",
                "polyfill",
                "portable",
                "shim"
            ],
            "support": {
                "source": "https://github.com/symfony/polyfill-php73/tree/v1.30.0"
            },
            "funding": [
                {
                    "url": "https://symfony.com/sponsor",
                    "type": "custom"
                },
                {
                    "url": "https://github.com/fabpot",
                    "type": "github"
                },
                {
                    "url": "https://tidelift.com/funding/github/packagist/symfony/symfony",
                    "type": "tidelift"
                }
            ],
            "time": "2024-05-31T15:07:36+00:00"
        },
        {
            "name": "szepeviktor/phpstan-wordpress",
            "version": "v1.3.5",
            "source": {
                "type": "git",
                "url": "https://github.com/szepeviktor/phpstan-wordpress.git",
                "reference": "7f8cfe992faa96b6a33bbd75c7bace98864161e7"
            },
            "dist": {
                "type": "zip",
                "url": "https://api.github.com/repos/szepeviktor/phpstan-wordpress/zipball/7f8cfe992faa96b6a33bbd75c7bace98864161e7",
                "reference": "7f8cfe992faa96b6a33bbd75c7bace98864161e7",
                "shasum": ""
            },
            "require": {
                "php": "^7.2 || ^8.0",
                "php-stubs/wordpress-stubs": "^4.7 || ^5.0 || ^6.0",
                "phpstan/phpstan": "^1.10.31",
                "symfony/polyfill-php73": "^1.12.0"
            },
            "require-dev": {
                "composer/composer": "^2.1.14",
                "dealerdirect/phpcodesniffer-composer-installer": "^1.0",
                "php-parallel-lint/php-parallel-lint": "^1.1",
                "phpstan/phpstan-strict-rules": "^1.2",
                "phpunit/phpunit": "^8.0 || ^9.0",
                "szepeviktor/phpcs-psr-12-neutron-hybrid-ruleset": "^1.0",
                "wp-coding-standards/wpcs": "3.1.0 as 2.3.0"
            },
            "suggest": {
                "swissspidy/phpstan-no-private": "Detect usage of internal core functions, classes and methods"
            },
            "type": "phpstan-extension",
            "extra": {
                "phpstan": {
                    "includes": [
                        "extension.neon"
                    ]
                }
            },
            "autoload": {
                "psr-4": {
                    "SzepeViktor\\PHPStan\\WordPress\\": "src/"
                }
            },
            "notification-url": "https://packagist.org/downloads/",
            "license": [
                "MIT"
            ],
            "description": "WordPress extensions for PHPStan",
            "keywords": [
                "PHPStan",
                "code analyse",
                "code analysis",
                "static analysis",
                "wordpress"
            ],
            "support": {
                "issues": "https://github.com/szepeviktor/phpstan-wordpress/issues",
                "source": "https://github.com/szepeviktor/phpstan-wordpress/tree/v1.3.5"
            },
            "time": "2024-06-28T22:27:19+00:00"
        }
    ],
    "aliases": [],
    "minimum-stability": "stable",
    "stability-flags": [],
    "prefer-stable": false,
    "prefer-lowest": false,
    "platform": [],
    "platform-dev": [],
    "plugin-api-version": "2.6.0"
}
